
Microsoft Visual Studio Solution File, Format Version 12.00
# Visual Studio 2013
VisualStudioVersion = 12.0.30110.0
MinimumVisualStudioVersion = 10.0.40219.1
Project("{FAE04EC0-301F-11D3-BF4B-00C04F79EFBC}") = "IniTech.TpsReports.Web", "IniTech.TpsReports.Web\IniTech.TpsReports.Web.csproj", "{A65D9B34-1635-4F11-A12F-160D2CEBB485}"
EndProject
Project("{FAE04EC0-301F-11D3-BF4B-00C04F79EFBC}") = "IniTech.TpsReports.Core", "IniTech.TpsReports.Core\IniTech.TpsReports.Core.csproj", "{3225B9AB-843D-43ED-A91D-BD2002B03AD5}"
EndProject
Global
	GlobalSection(SolutionConfigurationPlatforms) = preSolution
		Debug|Any CPU = Debug|Any CPU
		Release|Any CPU = Release|Any CPU
	EndGlobalSection
	GlobalSection(ProjectConfigurationPlatforms) = postSolution
		{A65D9B34-1635-4F11-A12F-160D2CEBB485}.Debug|Any CPU.ActiveCfg = Debug|Any CPU
		{A65D9B34-1635-4F11-A12F-160D2CEBB485}.Debug|Any CPU.Build.0 = Debug|Any CPU
		{A65D9B34-1635-4F11-A12F-160D2CEBB485}.Release|Any CPU.ActiveCfg = Release|Any CPU
		{A65D9B34-1635-4F11-A12F-160D2CEBB485}.Release|Any CPU.Build.0 = Release|Any CPU
		{3225B9AB-843D-43ED-A91D-BD2002B03AD5}.Debug|Any CPU.ActiveCfg = Debug|Any CPU
		{3225B9AB-843D-43ED-A91D-BD2002B03AD5}.Debug|Any CPU.Build.0 = Debug|Any CPU
		{3225B9AB-843D-43ED-A91D-BD2002B03AD5}.Release|Any CPU.ActiveCfg = Release|Any CPU
		{3225B9AB-843D-43ED-A91D-BD2002B03AD5}.Release|Any CPU.Build.0 = Release|Any CPU
	EndGlobalSection
	GlobalSection(SolutionProperties) = preSolution
		HideSolutionNode = FALSE
	EndGlobalSection
EndGlobal
